
Microsoft Visual Studio Solution File, Format Version 12.00
# Visual Studio 14
VisualStudioVersion = 14.0.25420.1
MinimumVisualStudioVersion = 10.0.40219.1
Project("{FAE04EC0-301F-11D3-BF4B-00C04F79EFBC}") = "ShazamExperiment", "ShazamExperiment\ShazamExperiment.csproj", "{88868E5C-B5F5-4AB2-B159-08DC2291CE05}"
EndProject
Global
	GlobalSection(SolutionConfigurationPlatforms) = preSolution
		Debug|Any CPU = Debug|Any CPU
		Release|Any CPU = Release|Any CPU
	EndGlobalSection
	GlobalSection(ProjectConfigurationPlatforms) = postSolution
		{88868E5C-B5F5-4AB2-B159-08DC2291CE05}.Debug|Any CPU.ActiveCfg = Debug|Any CPU
		{88868E5C-B5F5-4AB2-B159-08DC2291CE05}.Debug|Any CPU.Build.0 = Debug|Any CPU
		{88868E5C-B5F5-4AB2-B159-08DC2291CE05}.Release|Any CPU.ActiveCfg = Release|Any CPU
		{88868E5C-B5F5-4AB2-B159-08DC2291CE05}.Release|Any CPU.Build.0 = Release|Any CPU
	EndGlobalSection
	GlobalSection(SolutionProperties) = preSolution
		HideSolutionNode = FALSE
	EndGlobalSection
EndGlobal
